
Microsoft Visual Studio Solution File, Format Version 12.00
# Visual Studio Version 16
VisualStudioVersion = 16.0.33328.57
MinimumVisualStudioVersion = 10.0.40219.1
Project("{FAE04EC0-301F-11D3-BF4B-00C04F79EFBC}") = "3rdMeet", "3rdMeet.csproj", "{73D18FF0-B601-4044-B31B-AD137432DF43}"
EndProject
Global
	GlobalSection(SolutionConfigurationPlatforms) = preSolution
		Debug|Any CPU = Debug|Any CPU
		Release|Any CPU = Release|Any CPU
	EndGlobalSection
	GlobalSection(ProjectConfigurationPlatforms) = postSolution
		{73D18FF0-B601-4044-B31B-AD137432DF43}.Debug|Any CPU.ActiveCfg = Debug|Any CPU
		{73D18FF0-B601-4044-B31B-AD137432DF43}.Debug|Any CPU.Build.0 = Debug|Any CPU
		{73D18FF0-B601-4044-B31B-AD137432DF43}.Release|Any CPU.ActiveCfg = Release|Any CPU
		{73D18FF0-B601-4044-B31B-AD137432DF43}.Release|Any CPU.Build.0 = Release|Any CPU
	EndGlobalSection
	GlobalSection(SolutionProperties) = preSolution
		HideSolutionNode = FALSE
	EndGlobalSection
	GlobalSection(ExtensibilityGlobals) = postSolution
		SolutionGuid = {B5B1E9B0-4756-40C7-81A2-4FB033776978}
	EndGlobalSection
EndGlobal
